
Microsoft Visual Studio Solution File, Format Version 12.00
# Visual Studio Version 17
VisualStudioVersion = 17.14.36518.9
MinimumVisualStudioVersion = 10.0.40219.1
Project("{FAE04EC0-301F-11D3-BF4B-00C04F79EFBC}") = "Internship.Training", "Internship.Training\Internship.Training.csproj", "{CC8C37A2-9313-44B6-B19A-10DFF629B239}"
EndProject
Project("{FAE04EC0-301F-11D3-BF4B-00C04F79EFBC}") = "ERS", "ERS\ERS.csproj", "{2F793DBE-7485-4084-AA9F-BF70BAEDAEC7}"
EndProject
Project("{FAE04EC0-301F-11D3-BF4B-00C04F79EFBC}") = "dotnetCore.Training", "dotnetCore.Training\dotnetCore.Training.csproj", "{A4E409D4-08D6-45A0-A8A6-660AFCED2B0B}"
EndProject
Project("{FAE04EC0-301F-11D3-BF4B-00C04F79EFBC}") = "LA.Entities", "LA.Entities\LA.Entities.csproj", "{9121CD25-3583-4CF7-A78B-DCB65B4A2C4C}"
EndProject
Project("{FAE04EC0-301F-11D3-BF4B-00C04F79EFBC}") = "LA.Repositories", "LA.Repositories\LA.Repositories.csproj", "{FA592FAD-E0F0-40C4-9F0D-9885A302D276}"
EndProject
Project("{FAE04EC0-301F-11D3-BF4B-00C04F79EFBC}") = "LA.UI", "LA.UI\LA.UI.csproj", "{37CA44F4-4C35-4393-A785-E87BA69ED83F}"
EndProject
Project("{FAE04EC0-301F-11D3-BF4B-00C04F79EFBC}") = "EMS.Entities", "EMS.Entities\EMS.Entities.csproj", "{7C40ADD6-CE3B-4266-B32E-8F1D222BC083}"
EndProject
Project("{FAE04EC0-301F-11D3-BF4B-00C04F79EFBC}") = "EMS.Repositories", "EMS.Repositories\EMS.Repositories.csproj", "{E9A1375A-E8E2-4C47-ABA0-B82E85D3753D}"
EndProject
Project("{FAE04EC0-301F-11D3-BF4B-00C04F79EFBC}") = "EMS.UI", "EMS.UI\EMS.UI.csproj", "{B64FFC41-5455-4953-80A4-184F2703ED0B}"
EndProject
Global
	GlobalSection(SolutionConfigurationPlatforms) = preSolution
		Debug|Any CPU = Debug|Any CPU
		Release|Any CPU = Release|Any CPU
	EndGlobalSection
	GlobalSection(ProjectConfigurationPlatforms) = postSolution
		{CC8C37A2-9313-44B6-B19A-10DFF629B239}.Debug|Any CPU.ActiveCfg = Debug|Any CPU
		{CC8C37A2-9313-44B6-B19A-10DFF629B239}.Debug|Any CPU.Build.0 = Debug|Any CPU
		{CC8C37A2-9313-44B6-B19A-10DFF629B239}.Release|Any CPU.ActiveCfg = Release|Any CPU
		{CC8C37A2-9313-44B6-B19A-10DFF629B239}.Release|Any CPU.Build.0 = Release|Any CPU
		{2F793DBE-7485-4084-AA9F-BF70BAEDAEC7}.Debug|Any CPU.ActiveCfg = Debug|Any CPU
		{2F793DBE-7485-4084-AA9F-BF70BAEDAEC7}.Debug|Any CPU.Build.0 = Debug|Any CPU
		{2F793DBE-7485-4084-AA9F-BF70BAEDAEC7}.Release|Any CPU.ActiveCfg = Release|Any CPU
		{2F793DBE-7485-4084-AA9F-BF70BAEDAEC7}.Release|Any CPU.Build.0 = Release|Any CPU
		{A4E409D4-08D6-45A0-A8A6-660AFCED2B0B}.Debug|Any CPU.ActiveCfg = Debug|Any CPU
		{A4E409D4-08D6-45A0-A8A6-660AFCED2B0B}.Debug|Any CPU.Build.0 = Debug|Any CPU
		{A4E409D4-08D6-45A0-A8A6-660AFCED2B0B}.Release|Any CPU.ActiveCfg = Release|Any CPU
		{A4E409D4-08D6-45A0-A8A6-660AFCED2B0B}.Release|Any CPU.Build.0 = Release|Any CPU
		{9121CD25-3583-4CF7-A78B-DCB65B4A2C4C}.Debug|Any CPU.ActiveCfg = Debug|Any CPU
		{9121CD25-3583-4CF7-A78B-DCB65B4A2C4C}.Debug|Any CPU.Build.0 = Debug|Any CPU
		{9121CD25-3583-4CF7-A78B-DCB65B4A2C4C}.Release|Any CPU.ActiveCfg = Release|Any CPU
		{9121CD25-3583-4CF7-A78B-DCB65B4A2C4C}.Release|Any CPU.Build.0 = Release|Any CPU
		{FA592FAD-E0F0-40C4-9F0D-9885A302D276}.Debug|Any CPU.ActiveCfg = Debug|Any CPU
		{FA592FAD-E0F0-40C4-9F0D-9885A302D276}.Debug|Any CPU.Build.0 = Debug|Any CPU
		{FA592FAD-E0F0-40C4-9F0D-9885A302D276}.Release|Any CPU.ActiveCfg = Release|Any CPU
		{FA592FAD-E0F0-40C4-9F0D-9885A302D276}.Release|Any CPU.Build.0 = Release|Any CPU
		{37CA44F4-4C35-4393-A785-E87BA69ED83F}.Debug|Any CPU.ActiveCfg = Debug|Any CPU
		{37CA44F4-4C35-4393-A785-E87BA69ED83F}.Debug|Any CPU.Build.0 = Debug|Any CPU
		{37CA44F4-4C35-4393-A785-E87BA69ED83F}.Release|Any CPU.ActiveCfg = Release|Any CPU
		{37CA44F4-4C35-4393-A785-E87BA69ED83F}.Release|Any CPU.Build.0 = Release|Any CPU
		{7C40ADD6-CE3B-4266-B32E-8F1D222BC083}.Debug|Any CPU.ActiveCfg = Debug|Any CPU
		{7C40ADD6-CE3B-4266-B32E-8F1D222BC083}.Debug|Any CPU.Build.0 = Debug|Any CPU
		{7C40ADD6-CE3B-4266-B32E-8F1D222BC083}.Release|Any CPU.ActiveCfg = Release|Any CPU
		{7C40ADD6-CE3B-4266-B32E-8F1D222BC083}.Release|Any CPU.Build.0 = Release|Any CPU
		{E9A1375A-E8E2-4C47-ABA0-B82E85D3753D}.Debug|Any CPU.ActiveCfg = Debug|Any CPU
		{E9A1375A-E8E2-4C47-ABA0-B82E85D3753D}.Debug|Any CPU.Build.0 = Debug|Any CPU
		{E9A1375A-E8E2-4C47-ABA0-B82E85D3753D}.Release|Any CPU.ActiveCfg = Release|Any CPU
		{E9A1375A-E8E2-4C47-ABA0-B82E85D3753D}.Release|Any CPU.Build.0 = Release|Any CPU
		{B64FFC41-5455-4953-80A4-184F2703ED0B}.Debug|Any CPU.ActiveCfg = Debug|Any CPU
		{B64FFC41-5455-4953-80A4-184F2703ED0B}.Debug|Any CPU.Build.0 = Debug|Any CPU
		{B64FFC41-5455-4953-80A4-184F2703ED0B}.Release|Any CPU.ActiveCfg = Release|Any CPU
		{B64FFC41-5455-4953-80A4-184F2703ED0B}.Release|Any CPU.Build.0 = Release|Any CPU
	EndGlobalSection
	GlobalSection(SolutionProperties) = preSolution
		HideSolutionNode = FALSE
	EndGlobalSection
	GlobalSection(ExtensibilityGlobals) = postSolution
		SolutionGuid = {07C58702-25D1-4401-84FA-3AF8D89A6292}
	EndGlobalSection
EndGlobal
